
Microsoft Visual Studio Solution File, Format Version 12.00
# Visual Studio 15
VisualStudioVersion = 15.0.27428.2043
MinimumVisualStudioVersion = 10.0.40219.1
Project("{FAE04EC0-301F-11D3-BF4B-00C04F79EFBC}") = "MainWindows", "MainWindows\MainWindows.csproj", "{EA839D26-05CC-46CF-A7ED-906816F10E8B}"
EndProject
Project("{FAE04EC0-301F-11D3-BF4B-00C04F79EFBC}") = "BiblioClasse", "BiblioClasse\BiblioClasse.csproj", "{39482814-FB98-471E-AB23-A40F3B164F9E}"
EndProject
Project("{FAE04EC0-301F-11D3-BF4B-00C04F79EFBC}") = "DBConnectSpace", "ConnexionBdd\DBConnect\DBConnectSpace.csproj", "{0C4E4D40-A955-4794-B5FB-88BE585DD270}"
EndProject
Project("{FAE04EC0-301F-11D3-BF4B-00C04F79EFBC}") = "ConnexionBdd", "ConnexionBdd\ConnexionBdd\ConnexionBdd.csproj", "{3BAF483F-22FB-45EA-9CBC-9028C6F46F87}"
EndProject
Global
	GlobalSection(SolutionConfigurationPlatforms) = preSolution
		Debug|Any CPU = Debug|Any CPU
		Release|Any CPU = Release|Any CPU
	EndGlobalSection
	GlobalSection(ProjectConfigurationPlatforms) = postSolution
		{EA839D26-05CC-46CF-A7ED-906816F10E8B}.Debug|Any CPU.ActiveCfg = Debug|Any CPU
		{EA839D26-05CC-46CF-A7ED-906816F10E8B}.Debug|Any CPU.Build.0 = Debug|Any CPU
		{EA839D26-05CC-46CF-A7ED-906816F10E8B}.Release|Any CPU.ActiveCfg = Release|Any CPU
		{EA839D26-05CC-46CF-A7ED-906816F10E8B}.Release|Any CPU.Build.0 = Release|Any CPU
		{39482814-FB98-471E-AB23-A40F3B164F9E}.Debug|Any CPU.ActiveCfg = Debug|Any CPU
		{39482814-FB98-471E-AB23-A40F3B164F9E}.Debug|Any CPU.Build.0 = Debug|Any CPU
		{39482814-FB98-471E-AB23-A40F3B164F9E}.Release|Any CPU.ActiveCfg = Release|Any CPU
		{39482814-FB98-471E-AB23-A40F3B164F9E}.Release|Any CPU.Build.0 = Release|Any CPU
		{0C4E4D40-A955-4794-B5FB-88BE585DD270}.Debug|Any CPU.ActiveCfg = Debug|Any CPU
		{0C4E4D40-A955-4794-B5FB-88BE585DD270}.Debug|Any CPU.Build.0 = Debug|Any CPU
		{0C4E4D40-A955-4794-B5FB-88BE585DD270}.Release|Any CPU.ActiveCfg = Release|Any CPU
		{0C4E4D40-A955-4794-B5FB-88BE585DD270}.Release|Any CPU.Build.0 = Release|Any CPU
		{3BAF483F-22FB-45EA-9CBC-9028C6F46F87}.Debug|Any CPU.ActiveCfg = Debug|Any CPU
		{3BAF483F-22FB-45EA-9CBC-9028C6F46F87}.Debug|Any CPU.Build.0 = Debug|Any CPU
		{3BAF483F-22FB-45EA-9CBC-9028C6F46F87}.Release|Any CPU.ActiveCfg = Release|Any CPU
		{3BAF483F-22FB-45EA-9CBC-9028C6F46F87}.Release|Any CPU.Build.0 = Release|Any CPU
	EndGlobalSection
	GlobalSection(SolutionProperties) = preSolution
		HideSolutionNode = FALSE
	EndGlobalSection
	GlobalSection(ExtensibilityGlobals) = postSolution
		SolutionGuid = {80544639-739A-4651-831F-BF9E49D315D0}
	EndGlobalSection
EndGlobal
